
Microsoft Visual Studio Solution File, Format Version 12.00
# Visual Studio Version 17
VisualStudioVersion = 17.1.32421.90
MinimumVisualStudioVersion = 10.0.40219.1
Project("{FAE04EC0-301F-11D3-BF4B-00C04F79EFBC}") = "Homework3", "Homework3\Homework3.csproj", "{1109319C-83F2-4A43-A50B-264F19C3138E}"
EndProject
Project("{FAE04EC0-301F-11D3-BF4B-00C04F79EFBC}") = "LibraryHelp", "LibraryHelp\LibraryHelp.csproj", "{4405A49E-19A6-482A-8FB7-E82D09E90233}"
EndProject
Global
	GlobalSection(SolutionConfigurationPlatforms) = preSolution
		Debug|Any CPU = Debug|Any CPU
		Release|Any CPU = Release|Any CPU
	EndGlobalSection
	GlobalSection(ProjectConfigurationPlatforms) = postSolution
		{1109319C-83F2-4A43-A50B-264F19C3138E}.Debug|Any CPU.ActiveCfg = Debug|Any CPU
		{1109319C-83F2-4A43-A50B-264F19C3138E}.Debug|Any CPU.Build.0 = Debug|Any CPU
		{1109319C-83F2-4A43-A50B-264F19C3138E}.Release|Any CPU.ActiveCfg = Release|Any CPU
		{1109319C-83F2-4A43-A50B-264F19C3138E}.Release|Any CPU.Build.0 = Release|Any CPU
		{4405A49E-19A6-482A-8FB7-E82D09E90233}.Debug|Any CPU.ActiveCfg = Debug|Any CPU
		{4405A49E-19A6-482A-8FB7-E82D09E90233}.Debug|Any CPU.Build.0 = Debug|Any CPU
		{4405A49E-19A6-482A-8FB7-E82D09E90233}.Release|Any CPU.ActiveCfg = Release|Any CPU
		{4405A49E-19A6-482A-8FB7-E82D09E90233}.Release|Any CPU.Build.0 = Release|Any CPU
	EndGlobalSection
	GlobalSection(SolutionProperties) = preSolution
		HideSolutionNode = FALSE
	EndGlobalSection
	GlobalSection(ExtensibilityGlobals) = postSolution
		SolutionGuid = {A31450A7-51F9-4F7F-BD5F-2FDEBEF389C7}
	EndGlobalSection
EndGlobal
