
Microsoft Visual Studio Solution File, Format Version 12.00
# Visual Studio Version 17
VisualStudioVersion = 17.1.32421.90
MinimumVisualStudioVersion = 10.0.40219.1
Project("{FAE04EC0-301F-11D3-BF4B-00C04F79EFBC}") = "Homework2", "Homework2\Homework2.csproj", "{D7537FBC-592D-434C-97D0-9C79ADDBB846}"
EndProject
Project("{FAE04EC0-301F-11D3-BF4B-00C04F79EFBC}") = "Studing.Utils", "ClassLibrary1\Studing.Utils.csproj", "{D4847D25-3A35-4913-A88E-C8E89641974D}"
EndProject
Global
	GlobalSection(SolutionConfigurationPlatforms) = preSolution
		Debug|Any CPU = Debug|Any CPU
		Release|Any CPU = Release|Any CPU
	EndGlobalSection
	GlobalSection(ProjectConfigurationPlatforms) = postSolution
		{D7537FBC-592D-434C-97D0-9C79ADDBB846}.Debug|Any CPU.ActiveCfg = Debug|Any CPU
		{D7537FBC-592D-434C-97D0-9C79ADDBB846}.Debug|Any CPU.Build.0 = Debug|Any CPU
		{D7537FBC-592D-434C-97D0-9C79ADDBB846}.Release|Any CPU.ActiveCfg = Release|Any CPU
		{D7537FBC-592D-434C-97D0-9C79ADDBB846}.Release|Any CPU.Build.0 = Release|Any CPU
		{D4847D25-3A35-4913-A88E-C8E89641974D}.Debug|Any CPU.ActiveCfg = Debug|Any CPU
		{D4847D25-3A35-4913-A88E-C8E89641974D}.Debug|Any CPU.Build.0 = Debug|Any CPU
		{D4847D25-3A35-4913-A88E-C8E89641974D}.Release|Any CPU.ActiveCfg = Release|Any CPU
		{D4847D25-3A35-4913-A88E-C8E89641974D}.Release|Any CPU.Build.0 = Release|Any CPU
	EndGlobalSection
	GlobalSection(SolutionProperties) = preSolution
		HideSolutionNode = FALSE
	EndGlobalSection
	GlobalSection(ExtensibilityGlobals) = postSolution
		SolutionGuid = {192D0976-E95E-486D-9A37-44226BE08C16}
	EndGlobalSection
EndGlobal
